
Microsoft Visual Studio Solution File, Format Version 12.00
# Visual Studio Version 17
VisualStudioVersion = 17.5.33414.496
MinimumVisualStudioVersion = 10.0.40219.1
Project("{FAE04EC0-301F-11D3-BF4B-00C04F79EFBC}") = "finalsProject", "finalsProject.csproj", "{DEB0BA6C-DB69-4308-B2F3-A6B174F8C3C2}"
EndProject
Global
	GlobalSection(SolutionConfigurationPlatforms) = preSolution
		Debug|Any CPU = Debug|Any CPU
		Release|Any CPU = Release|Any CPU
	EndGlobalSection
	GlobalSection(ProjectConfigurationPlatforms) = postSolution
		{DEB0BA6C-DB69-4308-B2F3-A6B174F8C3C2}.Debug|Any CPU.ActiveCfg = Debug|Any CPU
		{DEB0BA6C-DB69-4308-B2F3-A6B174F8C3C2}.Debug|Any CPU.Build.0 = Debug|Any CPU
		{DEB0BA6C-DB69-4308-B2F3-A6B174F8C3C2}.Release|Any CPU.ActiveCfg = Release|Any CPU
		{DEB0BA6C-DB69-4308-B2F3-A6B174F8C3C2}.Release|Any CPU.Build.0 = Release|Any CPU
	EndGlobalSection
	GlobalSection(SolutionProperties) = preSolution
		HideSolutionNode = FALSE
	EndGlobalSection
	GlobalSection(ExtensibilityGlobals) = postSolution
		SolutionGuid = {85AFA309-B4D2-4A73-A637-6CA9A3273C5C}
	EndGlobalSection
EndGlobal
